
Microsoft Visual Studio Solution File, Format Version 12.00
# Visual Studio Version 16
VisualStudioVersion = 16.0.31729.503
MinimumVisualStudioVersion = 10.0.40219.1
Project("{FAE04EC0-301F-11D3-BF4B-00C04F79EFBC}") = "Studenti", "Studenti\Studenti.csproj", "{BE72020C-D3B3-443D-9632-AA7FA1613A37}"
EndProject
Global
	GlobalSection(SolutionConfigurationPlatforms) = preSolution
		Debug|Any CPU = Debug|Any CPU
		Release|Any CPU = Release|Any CPU
	EndGlobalSection
	GlobalSection(ProjectConfigurationPlatforms) = postSolution
		{BE72020C-D3B3-443D-9632-AA7FA1613A37}.Debug|Any CPU.ActiveCfg = Debug|Any CPU
		{BE72020C-D3B3-443D-9632-AA7FA1613A37}.Debug|Any CPU.Build.0 = Debug|Any CPU
		{BE72020C-D3B3-443D-9632-AA7FA1613A37}.Release|Any CPU.ActiveCfg = Release|Any CPU
		{BE72020C-D3B3-443D-9632-AA7FA1613A37}.Release|Any CPU.Build.0 = Release|Any CPU
	EndGlobalSection
	GlobalSection(SolutionProperties) = preSolution
		HideSolutionNode = FALSE
	EndGlobalSection
	GlobalSection(ExtensibilityGlobals) = postSolution
		SolutionGuid = {EA679716-8C36-4788-AC9A-5CCE29A0F7A4}
	EndGlobalSection
EndGlobal
